# This file is automatically @generated by Cargo.
# It is not intended for manual editing.
version = 3

[[package]]
name = "array-init"
version = "0.0.3"
source = "registry+https://github.com/rust-lang/crates.io-index"
checksum = "c3cc8456d0ae81a8c76f59e384683a601548c38949a4bfcb65dd31ded5c75ff3"
dependencies = [
 "nodrop",
]

[[package]]
name = "bit_field"
version = "0.9.0"
source = "registry+https://github.com/rust-lang/crates.io-index"
checksum = "ed8765909f9009617974ab6b7d332625b320b33c326b1e9321382ef1999b5d56"

[[package]]
name = "bitflags"
version = "1.0.4"
source = "registry+https://github.com/rust-lang/crates.io-index"
checksum = "228047a76f468627ca71776ecdebd732a3423081fcf5125585bcd7c49886ce12"

[[package]]
name = "blog_os"
version = "0.2.0"
dependencies = [
 "array-init",
 "bootloader_precompiled",
 "lazy_static",
 "pic8259_simple",
 "spin 0.5.2",
 "uart_16550",
 "volatile",
 "x86_64",
]

[[package]]
name = "bootloader_precompiled"
version = "0.2.0"
source = "registry+https://github.com/rust-lang/crates.io-index"
checksum = "245362094f3e7e5c801e71646a672c1fa895c033ca47473278e3d99af6300be6"
dependencies = [
 "os_bootinfo",
]

[[package]]
name = "cpuio"
version = "0.2.0"
source = "registry+https://github.com/rust-lang/crates.io-index"
checksum = "22b8e308ccfc5acf3b82f79c0eac444cf6114cb2ac67a230ca6c177210068daa"

[[package]]
name = "lazy_static"
version = "1.1.0"
source = "registry+https://github.com/rust-lang/crates.io-index"
checksum = "ca488b89a5657b0a2ecd45b95609b3e848cf1755da332a0da46e2b2b1cb371a7"
dependencies = [
 "spin 0.4.10",
 "version_check",
]

[[package]]
name = "nodrop"
version = "0.1.12"
source = "registry+https://github.com/rust-lang/crates.io-index"
checksum = "9a2228dca57108069a5262f2ed8bd2e82496d2e074a06d1ccc7ce1687b6ae0a2"

[[package]]
name = "os_bootinfo"
version = "0.2.1"
source = "registry+https://github.com/rust-lang/crates.io-index"
checksum = "66481dbeb5e773e7bd85b63cd6042c30786f834338288c5ec4f3742673db360a"

[[package]]
name = "pic8259_simple"
version = "0.1.1"
source = "registry+https://github.com/rust-lang/crates.io-index"
checksum = "dc64b2fd10828da8521b6cdabe0679385d7d2a3a6d4c336b819d1fa31ba35c72"
dependencies = [
 "cpuio",
]

[[package]]
name = "spin"
version = "0.4.10"
source = "registry+https://github.com/rust-lang/crates.io-index"
checksum = "ceac490aa12c567115b40b7b7fceca03a6c9d53d5defea066123debc83c5dc1f"

[[package]]
name = "spin"
version = "0.5.2"
source = "registry+https://github.com/rust-lang/crates.io-index"
checksum = "6e63cff320ae2c57904679ba7cb63280a3dc4613885beafb148ee7bf9aa9042d"

[[package]]
name = "uart_16550"
version = "0.1.0"
source = "registry+https://github.com/rust-lang/crates.io-index"
checksum = "269f953d8de3226f7c065c589c7b4a3e83d10a419c7c3b5e2e0f197e6acc966e"
dependencies = [
 "bitflags",
 "x86_64",
]

[[package]]
name = "usize_conversions"
version = "0.2.0"
source = "registry+https://github.com/rust-lang/crates.io-index"
checksum = "f70329e2cbe45d6c97a5112daad40c34cd9a4e18edb5a2a18fefeb584d8d25e5"

[[package]]
name = "ux"
version = "0.1.2"
source = "registry+https://github.com/rust-lang/crates.io-index"
checksum = "53d8df5dd8d07fedccd202de1887d94481fadaea3db70479f459e8163a1fab41"

[[package]]
name = "version_check"
version = "0.1.5"
source = "registry+https://github.com/rust-lang/crates.io-index"
checksum = "914b1a6776c4c929a602fafd8bc742e06365d4bcbe48c30f9cca5824f70dc9dd"

[[package]]
name = "volatile"
version = "0.2.4"
source = "registry+https://github.com/rust-lang/crates.io-index"
checksum = "54d4343a2df2d65144a874f95950754ee7b7e8594f6027aae8c7d0f4858a3fe8"

[[package]]
name = "x86_64"
version = "0.2.14"
source = "registry+https://github.com/rust-lang/crates.io-index"
checksum = "2bd647af1614659e1febec1d681231aea4ebda4818bf55a578aff02f3e4db4b4"
dependencies = [
 "bit_field",
 "bitflags",
 "os_bootinfo",
 "usize_conversions",
 "ux",
]
